{
  "name": "degiro-importer",
  "version": "1.0.0",
  "lockfileVersion": 1,
  "requires": true,
  "dependencies": {
    "csv-parse": {
      "version": "3.1.2",
      "resolved": "https://registry.npmjs.org/csv-parse/-/csv-parse-3.1.2.tgz",
      "integrity": "sha512-NtcS4h3rLcwawpJJDRolYeuQW/2RvutpHpzbokbk5xMCNEDSyvAK3SmuCtd6tKOftKiMa2wn4viOU32A/5VDTQ=="
    },
    "lodash": {
      "version": "4.17.11",
      "resolved": "https://registry.npmjs.org/lodash/-/lodash-4.17.11.tgz",
      "integrity": "sha512-cQKh8igo5QUhZ7lg38DYWAxMvjSAKG0A8wGSVimP07SIUEK2UO+arSRKbRZWtelMtN5V0Hkwh5ryOto/SshYIg=="
    }
  }
}
